
Microsoft Visual Studio Solution File, Format Version 12.00
# Visual Studio Version 16
VisualStudioVersion = 16.0.31005.135
MinimumVisualStudioVersion = 10.0.40219.1
Project("{8BC9CEB8-8B4A-11D0-8D11-00A0C91BC942}") = "BookParser", "BookParser\BookParser.vcxproj", "{C966A88D-2E9A-4F18-B137-64C6B269987C}"
EndProject
Project("{8BC9CEB8-8B4A-11D0-8D11-00A0C91BC942}") = "UnitTest1", "UnitTest1\UnitTest1.vcxproj", "{75DFAE98-08AC-4C43-8845-0C23B39D184E}"
EndProject
Project("{8BC9CEB8-8B4A-11D0-8D11-00A0C91BC942}") = "UnitTestLastBook", "UnitTestLastBook\UnitTestLastBook.vcxproj", "{4FAB37D7-9366-4B41-91FA-F842F46582C7}"
EndProject
Global
	GlobalSection(SolutionConfigurationPlatforms) = preSolution
		Debug|x64 = Debug|x64
		Debug|x86 = Debug|x86
		Release|x64 = Release|x64
		Release|x86 = Release|x86
	EndGlobalSection
	GlobalSection(ProjectConfigurationPlatforms) = postSolution
		{C966A88D-2E9A-4F18-B137-64C6B269987C}.Debug|x64.ActiveCfg = Debug|x64
		{C966A88D-2E9A-4F18-B137-64C6B269987C}.Debug|x64.Build.0 = Debug|x64
		{C966A88D-2E9A-4F18-B137-64C6B269987C}.Debug|x86.ActiveCfg = Debug|Win32
		{C966A88D-2E9A-4F18-B137-64C6B269987C}.Debug|x86.Build.0 = Debug|Win32
		{C966A88D-2E9A-4F18-B137-64C6B269987C}.Release|x64.ActiveCfg = Release|x64
		{C966A88D-2E9A-4F18-B137-64C6B269987C}.Release|x64.Build.0 = Release|x64
		{C966A88D-2E9A-4F18-B137-64C6B269987C}.Release|x86.ActiveCfg = Release|Win32
		{C966A88D-2E9A-4F18-B137-64C6B269987C}.Release|x86.Build.0 = Release|Win32
		{75DFAE98-08AC-4C43-8845-0C23B39D184E}.Debug|x64.ActiveCfg = Debug|x64
		{75DFAE98-08AC-4C43-8845-0C23B39D184E}.Debug|x64.Build.0 = Debug|x64
		{75DFAE98-08AC-4C43-8845-0C23B39D184E}.Debug|x86.ActiveCfg = Debug|Win32
		{75DFAE98-08AC-4C43-8845-0C23B39D184E}.Debug|x86.Build.0 = Debug|Win32
		{75DFAE98-08AC-4C43-8845-0C23B39D184E}.Release|x64.ActiveCfg = Release|x64
		{75DFAE98-08AC-4C43-8845-0C23B39D184E}.Release|x64.Build.0 = Release|x64
		{75DFAE98-08AC-4C43-8845-0C23B39D184E}.Release|x86.ActiveCfg = Release|Win32
		{75DFAE98-08AC-4C43-8845-0C23B39D184E}.Release|x86.Build.0 = Release|Win32
		{4FAB37D7-9366-4B41-91FA-F842F46582C7}.Debug|x64.ActiveCfg = Debug|x64
		{4FAB37D7-9366-4B41-91FA-F842F46582C7}.Debug|x64.Build.0 = Debug|x64
		{4FAB37D7-9366-4B41-91FA-F842F46582C7}.Debug|x86.ActiveCfg = Debug|Win32
		{4FAB37D7-9366-4B41-91FA-F842F46582C7}.Debug|x86.Build.0 = Debug|Win32
		{4FAB37D7-9366-4B41-91FA-F842F46582C7}.Release|x64.ActiveCfg = Release|x64
		{4FAB37D7-9366-4B41-91FA-F842F46582C7}.Release|x64.Build.0 = Release|x64
		{4FAB37D7-9366-4B41-91FA-F842F46582C7}.Release|x86.ActiveCfg = Release|Win32
		{4FAB37D7-9366-4B41-91FA-F842F46582C7}.Release|x86.Build.0 = Release|Win32
	EndGlobalSection
	GlobalSection(SolutionProperties) = preSolution
		HideSolutionNode = FALSE
	EndGlobalSection
	GlobalSection(ExtensibilityGlobals) = postSolution
		SolutionGuid = {669BEE17-F486-4CD7-9194-1B595DC3E9B4}
	EndGlobalSection
EndGlobal
